
Microsoft Visual Studio Solution File, Format Version 12.00
# Visual Studio Version 16
VisualStudioVersion = 16.0.31005.135
MinimumVisualStudioVersion = 10.0.40219.1
Project("{9A19103F-16F7-4668-BE54-9A1E7A4F7556}") = "ToroCreativo", "ToroCreativo\ToroCreativo.csproj", "{D164EF40-D9C0-4DF4-85EC-A9000C0648C5}"
EndProject
Project("{9A19103F-16F7-4668-BE54-9A1E7A4F7556}") = "EmailService", "EmailService\EmailService.csproj", "{02EB7434-19A9-42CE-A480-DA97EF79743D}"
EndProject
Global
	GlobalSection(SolutionConfigurationPlatforms) = preSolution
		Debug|Any CPU = Debug|Any CPU
		Release|Any CPU = Release|Any CPU
	EndGlobalSection
	GlobalSection(ProjectConfigurationPlatforms) = postSolution
		{D164EF40-D9C0-4DF4-85EC-A9000C0648C5}.Debug|Any CPU.ActiveCfg = Debug|Any CPU
		{D164EF40-D9C0-4DF4-85EC-A9000C0648C5}.Debug|Any CPU.Build.0 = Debug|Any CPU
		{D164EF40-D9C0-4DF4-85EC-A9000C0648C5}.Release|Any CPU.ActiveCfg = Release|Any CPU
		{D164EF40-D9C0-4DF4-85EC-A9000C0648C5}.Release|Any CPU.Build.0 = Release|Any CPU
		{02EB7434-19A9-42CE-A480-DA97EF79743D}.Debug|Any CPU.ActiveCfg = Debug|Any CPU
		{02EB7434-19A9-42CE-A480-DA97EF79743D}.Debug|Any CPU.Build.0 = Debug|Any CPU
		{02EB7434-19A9-42CE-A480-DA97EF79743D}.Release|Any CPU.ActiveCfg = Release|Any CPU
		{02EB7434-19A9-42CE-A480-DA97EF79743D}.Release|Any CPU.Build.0 = Release|Any CPU
	EndGlobalSection
	GlobalSection(SolutionProperties) = preSolution
		HideSolutionNode = FALSE
	EndGlobalSection
	GlobalSection(ExtensibilityGlobals) = postSolution
		SolutionGuid = {9924CC81-2354-4109-9321-B4A842692FAC}
	EndGlobalSection
EndGlobal
